
Microsoft Visual Studio Solution File, Format Version 12.00
# Visual Studio Version 17
VisualStudioVersion = 17.4.33213.308
MinimumVisualStudioVersion = 10.0.40219.1
Project("{FAE04EC0-301F-11D3-BF4B-00C04F79EFBC}") = "T01. Action Print", "T01. Action Print\T01. Action Print.csproj", "{51D1BCF8-239C-4C11-88CF-62441DA2A99E}"
EndProject
Project("{FAE04EC0-301F-11D3-BF4B-00C04F79EFBC}") = "T02. Knights of Honor", "T02. Knights of Honor\T02. Knights of Honor.csproj", "{6FD486FC-2F1E-462A-9CC6-942A23D07142}"
EndProject
Project("{FAE04EC0-301F-11D3-BF4B-00C04F79EFBC}") = "T03. Custom Min Function", "T03. Custom Min Function\T03. Custom Min Function.csproj", "{01300A70-EAF3-4095-BCBC-13C9C2B24174}"
EndProject
Project("{FAE04EC0-301F-11D3-BF4B-00C04F79EFBC}") = "T04. Find Evens or Odds", "T04. Find Evens or Odds\T04. Find Evens or Odds.csproj", "{FC7A12D1-ED32-420E-95BE-06DADF40197E}"
EndProject
Project("{FAE04EC0-301F-11D3-BF4B-00C04F79EFBC}") = "T05. Applied Arithmetics", "T05. Applied Arithmetics\T05. Applied Arithmetics.csproj", "{4CBEDA09-2AB6-4A2F-9531-D60B74D2D5D6}"
EndProject
Project("{FAE04EC0-301F-11D3-BF4B-00C04F79EFBC}") = "T06. Reverse And Exclude", "T06. Reverse And Exclude\T06. Reverse And Exclude.csproj", "{F0499C63-5A7A-481A-9377-773249EA95C5}"
EndProject
Project("{FAE04EC0-301F-11D3-BF4B-00C04F79EFBC}") = "T07. Predicate For Names", "T07. Predicate For Names\T07. Predicate For Names.csproj", "{7373B194-DF90-47F3-98E6-FFBB5AD4537E}"
EndProject
Global
	GlobalSection(SolutionConfigurationPlatforms) = preSolution
		Debug|Any CPU = Debug|Any CPU
		Release|Any CPU = Release|Any CPU
	EndGlobalSection
	GlobalSection(ProjectConfigurationPlatforms) = postSolution
		{51D1BCF8-239C-4C11-88CF-62441DA2A99E}.Debug|Any CPU.ActiveCfg = Debug|Any CPU
		{51D1BCF8-239C-4C11-88CF-62441DA2A99E}.Debug|Any CPU.Build.0 = Debug|Any CPU
		{51D1BCF8-239C-4C11-88CF-62441DA2A99E}.Release|Any CPU.ActiveCfg = Release|Any CPU
		{51D1BCF8-239C-4C11-88CF-62441DA2A99E}.Release|Any CPU.Build.0 = Release|Any CPU
		{6FD486FC-2F1E-462A-9CC6-942A23D07142}.Debug|Any CPU.ActiveCfg = Debug|Any CPU
		{6FD486FC-2F1E-462A-9CC6-942A23D07142}.Debug|Any CPU.Build.0 = Debug|Any CPU
		{6FD486FC-2F1E-462A-9CC6-942A23D07142}.Release|Any CPU.ActiveCfg = Release|Any CPU
		{6FD486FC-2F1E-462A-9CC6-942A23D07142}.Release|Any CPU.Build.0 = Release|Any CPU
		{01300A70-EAF3-4095-BCBC-13C9C2B24174}.Debug|Any CPU.ActiveCfg = Debug|Any CPU
		{01300A70-EAF3-4095-BCBC-13C9C2B24174}.Debug|Any CPU.Build.0 = Debug|Any CPU
		{01300A70-EAF3-4095-BCBC-13C9C2B24174}.Release|Any CPU.ActiveCfg = Release|Any CPU
		{01300A70-EAF3-4095-BCBC-13C9C2B24174}.Release|Any CPU.Build.0 = Release|Any CPU
		{FC7A12D1-ED32-420E-95BE-06DADF40197E}.Debug|Any CPU.ActiveCfg = Debug|Any CPU
		{FC7A12D1-ED32-420E-95BE-06DADF40197E}.Debug|Any CPU.Build.0 = Debug|Any CPU
		{FC7A12D1-ED32-420E-95BE-06DADF40197E}.Release|Any CPU.ActiveCfg = Release|Any CPU
		{FC7A12D1-ED32-420E-95BE-06DADF40197E}.Release|Any CPU.Build.0 = Release|Any CPU
		{4CBEDA09-2AB6-4A2F-9531-D60B74D2D5D6}.Debug|Any CPU.ActiveCfg = Debug|Any CPU
		{4CBEDA09-2AB6-4A2F-9531-D60B74D2D5D6}.Debug|Any CPU.Build.0 = Debug|Any CPU
		{4CBEDA09-2AB6-4A2F-9531-D60B74D2D5D6}.Release|Any CPU.ActiveCfg = Release|Any CPU
		{4CBEDA09-2AB6-4A2F-9531-D60B74D2D5D6}.Release|Any CPU.Build.0 = Release|Any CPU
		{F0499C63-5A7A-481A-9377-773249EA95C5}.Debug|Any CPU.ActiveCfg = Debug|Any CPU
		{F0499C63-5A7A-481A-9377-773249EA95C5}.Debug|Any CPU.Build.0 = Debug|Any CPU
		{F0499C63-5A7A-481A-9377-773249EA95C5}.Release|Any CPU.ActiveCfg = Release|Any CPU
		{F0499C63-5A7A-481A-9377-773249EA95C5}.Release|Any CPU.Build.0 = Release|Any CPU
		{7373B194-DF90-47F3-98E6-FFBB5AD4537E}.Debug|Any CPU.ActiveCfg = Debug|Any CPU
		{7373B194-DF90-47F3-98E6-FFBB5AD4537E}.Debug|Any CPU.Build.0 = Debug|Any CPU
		{7373B194-DF90-47F3-98E6-FFBB5AD4537E}.Release|Any CPU.ActiveCfg = Release|Any CPU
		{7373B194-DF90-47F3-98E6-FFBB5AD4537E}.Release|Any CPU.Build.0 = Release|Any CPU
	EndGlobalSection
	GlobalSection(SolutionProperties) = preSolution
		HideSolutionNode = FALSE
	EndGlobalSection
	GlobalSection(ExtensibilityGlobals) = postSolution
		SolutionGuid = {1726DDEE-E6FE-421B-8061-3647DF549BD7}
	EndGlobalSection
EndGlobal
